# This file is automatically @generated by Cargo.
# It is not intended for manual editing.
[[package]]
name = "application"
version = "0.1.0"
dependencies = [
 "domain",
]

[[package]]
name = "domain"
version = "0.1.0"

[[package]]
name = "infra"
version = "0.1.0"
dependencies = [
 "application",
 "domain",
 "interface-adapter",
]

[[package]]
name = "interface-adapter"
version = "0.1.0"
dependencies = [
 "application",
 "domain",
]
